
Microsoft Visual Studio Solution File, Format Version 12.00
# Visual Studio Version 17
VisualStudioVersion = 17.5.002.0
MinimumVisualStudioVersion = 10.0.40219.1
Project("{9A19103F-16F7-4668-BE54-9A1E7A4F7556}") = "API", "API.csproj", "{FD92FC53-CC1B-4D86-846A-40872CE63B56}"
EndProject
Global
	GlobalSection(SolutionConfigurationPlatforms) = preSolution
		Debug|Any CPU = Debug|Any CPU
		Release|Any CPU = Release|Any CPU
	EndGlobalSection
	GlobalSection(ProjectConfigurationPlatforms) = postSolution
		{FD92FC53-CC1B-4D86-846A-40872CE63B56}.Debug|Any CPU.ActiveCfg = Debug|Any CPU
		{FD92FC53-CC1B-4D86-846A-40872CE63B56}.Debug|Any CPU.Build.0 = Debug|Any CPU
		{FD92FC53-CC1B-4D86-846A-40872CE63B56}.Release|Any CPU.ActiveCfg = Release|Any CPU
		{FD92FC53-CC1B-4D86-846A-40872CE63B56}.Release|Any CPU.Build.0 = Release|Any CPU
	EndGlobalSection
	GlobalSection(SolutionProperties) = preSolution
		HideSolutionNode = FALSE
	EndGlobalSection
	GlobalSection(ExtensibilityGlobals) = postSolution
		SolutionGuid = {071F4C30-B690-4DDC-BEE3-42B3AA93AE14}
	EndGlobalSection
EndGlobal
